
Microsoft Visual Studio Solution File, Format Version 12.00
# Visual Studio Version 16
VisualStudioVersion = 16.0.31702.278
MinimumVisualStudioVersion = 10.0.40219.1
Project("{FAE04EC0-301F-11D3-BF4B-00C04F79EFBC}") = "App6.Android", "App6\App6.Android\App6.Android.csproj", "{02C11094-FBEE-4C5F-9BB5-E1CF819E8855}"
EndProject
Project("{FAE04EC0-301F-11D3-BF4B-00C04F79EFBC}") = "App6.iOS", "App6\App6.iOS\App6.iOS.csproj", "{DAD063F8-57C4-42E5-8634-2CFA121DC1D2}"
EndProject
Project("{FAE04EC0-301F-11D3-BF4B-00C04F79EFBC}") = "App6", "App6\App6\App6.csproj", "{274D9564-3F26-44DA-810A-1FB3358A1C34}"
EndProject
Global
	GlobalSection(SolutionConfigurationPlatforms) = preSolution
		Debug|Any CPU = Debug|Any CPU
		Debug|iPhone = Debug|iPhone
		Debug|iPhoneSimulator = Debug|iPhoneSimulator
		Release|Any CPU = Release|Any CPU
		Release|iPhone = Release|iPhone
		Release|iPhoneSimulator = Release|iPhoneSimulator
	EndGlobalSection
	GlobalSection(ProjectConfigurationPlatforms) = postSolution
		{02C11094-FBEE-4C5F-9BB5-E1CF819E8855}.Debug|Any CPU.ActiveCfg = Debug|Any CPU
		{02C11094-FBEE-4C5F-9BB5-E1CF819E8855}.Debug|Any CPU.Build.0 = Debug|Any CPU
		{02C11094-FBEE-4C5F-9BB5-E1CF819E8855}.Debug|Any CPU.Deploy.0 = Debug|Any CPU
		{02C11094-FBEE-4C5F-9BB5-E1CF819E8855}.Debug|iPhone.ActiveCfg = Debug|Any CPU
		{02C11094-FBEE-4C5F-9BB5-E1CF819E8855}.Debug|iPhone.Build.0 = Debug|Any CPU
		{02C11094-FBEE-4C5F-9BB5-E1CF819E8855}.Debug|iPhone.Deploy.0 = Debug|Any CPU
		{02C11094-FBEE-4C5F-9BB5-E1CF819E8855}.Debug|iPhoneSimulator.ActiveCfg = Debug|Any CPU
		{02C11094-FBEE-4C5F-9BB5-E1CF819E8855}.Debug|iPhoneSimulator.Build.0 = Debug|Any CPU
		{02C11094-FBEE-4C5F-9BB5-E1CF819E8855}.Debug|iPhoneSimulator.Deploy.0 = Debug|Any CPU
		{02C11094-FBEE-4C5F-9BB5-E1CF819E8855}.Release|Any CPU.ActiveCfg = Release|Any CPU
		{02C11094-FBEE-4C5F-9BB5-E1CF819E8855}.Release|Any CPU.Build.0 = Release|Any CPU
		{02C11094-FBEE-4C5F-9BB5-E1CF819E8855}.Release|Any CPU.Deploy.0 = Release|Any CPU
		{02C11094-FBEE-4C5F-9BB5-E1CF819E8855}.Release|iPhone.ActiveCfg = Release|Any CPU
		{02C11094-FBEE-4C5F-9BB5-E1CF819E8855}.Release|iPhone.Build.0 = Release|Any CPU
		{02C11094-FBEE-4C5F-9BB5-E1CF819E8855}.Release|iPhone.Deploy.0 = Release|Any CPU
		{02C11094-FBEE-4C5F-9BB5-E1CF819E8855}.Release|iPhoneSimulator.ActiveCfg = Release|Any CPU
		{02C11094-FBEE-4C5F-9BB5-E1CF819E8855}.Release|iPhoneSimulator.Build.0 = Release|Any CPU
		{02C11094-FBEE-4C5F-9BB5-E1CF819E8855}.Release|iPhoneSimulator.Deploy.0 = Release|Any CPU
		{DAD063F8-57C4-42E5-8634-2CFA121DC1D2}.Debug|Any CPU.ActiveCfg = Debug|iPhone
		{DAD063F8-57C4-42E5-8634-2CFA121DC1D2}.Debug|Any CPU.Build.0 = Debug|iPhone
		{DAD063F8-57C4-42E5-8634-2CFA121DC1D2}.Debug|Any CPU.Deploy.0 = Debug|iPhone
		{DAD063F8-57C4-42E5-8634-2CFA121DC1D2}.Debug|iPhone.ActiveCfg = Debug|iPhone
		{DAD063F8-57C4-42E5-8634-2CFA121DC1D2}.Debug|iPhone.Build.0 = Debug|iPhone
		{DAD063F8-57C4-42E5-8634-2CFA121DC1D2}.Debug|iPhone.Deploy.0 = Debug|iPhone
		{DAD063F8-57C4-42E5-8634-2CFA121DC1D2}.Debug|iPhoneSimulator.ActiveCfg = Debug|iPhoneSimulator
		{DAD063F8-57C4-42E5-8634-2CFA121DC1D2}.Debug|iPhoneSimulator.Build.0 = Debug|iPhoneSimulator
		{DAD063F8-57C4-42E5-8634-2CFA121DC1D2}.Debug|iPhoneSimulator.Deploy.0 = Debug|iPhoneSimulator
		{DAD063F8-57C4-42E5-8634-2CFA121DC1D2}.Release|Any CPU.ActiveCfg = Release|iPhoneSimulator
		{DAD063F8-57C4-42E5-8634-2CFA121DC1D2}.Release|Any CPU.Build.0 = Release|iPhoneSimulator
		{DAD063F8-57C4-42E5-8634-2CFA121DC1D2}.Release|Any CPU.Deploy.0 = Release|iPhoneSimulator
		{DAD063F8-57C4-42E5-8634-2CFA121DC1D2}.Release|iPhone.ActiveCfg = Release|iPhone
		{DAD063F8-57C4-42E5-8634-2CFA121DC1D2}.Release|iPhone.Build.0 = Release|iPhone
		{DAD063F8-57C4-42E5-8634-2CFA121DC1D2}.Release|iPhone.Deploy.0 = Release|iPhone
		{DAD063F8-57C4-42E5-8634-2CFA121DC1D2}.Release|iPhoneSimulator.ActiveCfg = Release|iPhoneSimulator
		{DAD063F8-57C4-42E5-8634-2CFA121DC1D2}.Release|iPhoneSimulator.Build.0 = Release|iPhoneSimulator
		{DAD063F8-57C4-42E5-8634-2CFA121DC1D2}.Release|iPhoneSimulator.Deploy.0 = Release|iPhoneSimulator
		{274D9564-3F26-44DA-810A-1FB3358A1C34}.Debug|Any CPU.ActiveCfg = Debug|Any CPU
		{274D9564-3F26-44DA-810A-1FB3358A1C34}.Debug|Any CPU.Build.0 = Debug|Any CPU
		{274D9564-3F26-44DA-810A-1FB3358A1C34}.Debug|Any CPU.Deploy.0 = Debug|Any CPU
		{274D9564-3F26-44DA-810A-1FB3358A1C34}.Debug|iPhone.ActiveCfg = Debug|Any CPU
		{274D9564-3F26-44DA-810A-1FB3358A1C34}.Debug|iPhone.Build.0 = Debug|Any CPU
		{274D9564-3F26-44DA-810A-1FB3358A1C34}.Debug|iPhone.Deploy.0 = Debug|Any CPU
		{274D9564-3F26-44DA-810A-1FB3358A1C34}.Debug|iPhoneSimulator.ActiveCfg = Debug|Any CPU
		{274D9564-3F26-44DA-810A-1FB3358A1C34}.Debug|iPhoneSimulator.Build.0 = Debug|Any CPU
		{274D9564-3F26-44DA-810A-1FB3358A1C34}.Debug|iPhoneSimulator.Deploy.0 = Debug|Any CPU
		{274D9564-3F26-44DA-810A-1FB3358A1C34}.Release|Any CPU.ActiveCfg = Release|Any CPU
		{274D9564-3F26-44DA-810A-1FB3358A1C34}.Release|Any CPU.Build.0 = Release|Any CPU
		{274D9564-3F26-44DA-810A-1FB3358A1C34}.Release|Any CPU.Deploy.0 = Release|Any CPU
		{274D9564-3F26-44DA-810A-1FB3358A1C34}.Release|iPhone.ActiveCfg = Release|Any CPU
		{274D9564-3F26-44DA-810A-1FB3358A1C34}.Release|iPhone.Build.0 = Release|Any CPU
		{274D9564-3F26-44DA-810A-1FB3358A1C34}.Release|iPhone.Deploy.0 = Release|Any CPU
		{274D9564-3F26-44DA-810A-1FB3358A1C34}.Release|iPhoneSimulator.ActiveCfg = Release|Any CPU
		{274D9564-3F26-44DA-810A-1FB3358A1C34}.Release|iPhoneSimulator.Build.0 = Release|Any CPU
		{274D9564-3F26-44DA-810A-1FB3358A1C34}.Release|iPhoneSimulator.Deploy.0 = Release|Any CPU
	EndGlobalSection
	GlobalSection(SolutionProperties) = preSolution
		HideSolutionNode = FALSE
	EndGlobalSection
	GlobalSection(ExtensibilityGlobals) = postSolution
		SolutionGuid = {3ED406DA-2074-41F6-AE2D-0A54DBC63EA8}
	EndGlobalSection
EndGlobal
